lockfileVersion: '9.0'

settings:
  autoInstallPeers: true
  excludeLinksFromLockfile: false

importers:

  .:
    devDependencies:
      '@types/node':
        specifier: ^20.0.0
        version: 20.19.26
      typescript:
        specifier: ^5.0.0
        version: 5.9.3

  packages/dashboard:
    devDependencies:
      typescript:
        specifier: ^5.0.0
        version: 5.9.3

  packages/infrastructure:
    dependencies:
      '@kv/shared':
        specifier: workspace:*
        version: link:../shared
      aws-cdk-lib:
        specifier: ^2.100.0
        version: 2.232.1(constructs@10.4.3)
      constructs:
        specifier: ^10.0.0
        version: 10.4.3
    devDependencies:
      '@types/node':
        specifier: ^20.0.0
        version: 20.19.26
      aws-cdk:
        specifier: ^2.100.0
        version: 2.1033.0
      typescript:
        specifier: ^5.0.0
        version: 5.9.3

  packages/landing:
    devDependencies:
      typescript:
        specifier: ^5.0.0
        version: 5.9.3

  packages/shared:
    devDependencies:
      typescript:
        specifier: ^5.0.0
        version: 5.9.3

packages:

  '@aws-cdk/asset-awscli-v1@2.2.242':
    resolution: {integrity: sha512-4c1bAy2ISzcdKXYS1k4HYZsNrgiwbiDzj36ybwFVxEWZXVAP0dimQTCaB9fxu7sWzEjw3d+eaw6Fon+QTfTIpQ==}

  '@aws-cdk/asset-node-proxy-agent-v6@2.1.0':
    resolution: {integrity: sha512-7bY3J8GCVxLupn/kNmpPc5VJz8grx+4RKfnnJiO1LG+uxkZfANZG3RMHhE+qQxxwkyQ9/MfPtTpf748UhR425A==}

  '@aws-cdk/cloud-assembly-schema@48.20.0':
    resolution: {integrity: sha512-+eeiav9LY4wbF/EFuCt/vfvi/Zoxo8bf94PW5clbMraChEliq83w4TbRVy0jB9jE0v1ooFTtIjSQkowSPkfISg==}
    engines: {node: '>= 18.0.0'}
    bundledDependencies:
      - jsonschema
      - semver

  '@types/node@20.19.26':
    resolution: {integrity: sha512-0l6cjgF0XnihUpndDhk+nyD3exio3iKaYROSgvh/qSevPXax3L8p5DBRFjbvalnwatGgHEQn2R88y2fA3g4irg==}

  aws-cdk-lib@2.232.1:
    resolution: {integrity: sha512-F1vNcpWBo85pSxa0DJ5DO4k7Ok4vVp0vh1cFO4Y12LLX07ixOcnJn/6B97/XVC0fgZNvzPx/sYgioEd0u8oKkQ==}
    engines: {node: '>= 18.0.0'}
    peerDependencies:
      constructs: ^10.0.0
    bundledDependencies:
      - '@balena/dockerignore'
      - case
      - fs-extra
      - ignore
      - jsonschema
      - minimatch
      - punycode
      - semver
      - table
      - yaml
      - mime-types

  aws-cdk@2.1033.0:
    resolution: {integrity: sha512-Pit2k7cVAwxoYI7RMVsOyltuy7/HGENLupJ4KAm/d8mGzOfX+SLOo9YQsx5CKY9J6ErCZ1ViLerklTfjytvQww==}
    engines: {node: '>= 18.0.0'}
    hasBin: true

  constructs@10.4.3:
    resolution: {integrity: sha512-3+ZB67qWGM1vEstNpj6pGaLNN1qz4gxC1CBhEUhZDZk0PqzQWY65IzC1Doq17MGPa9xa2wJ1G/DJ3swU8kWAHQ==}

  fsevents@2.3.2:
    resolution: {integrity: sha512-xiqMQR4xAeHTuB9uWm+fFRcIOgKBMiOBP+eXiyT7jsgVCq1bkVygt00oASowB7EdtpOHaaPgKt812P9ab+DDKA==}
    engines: {node: ^8.16.0 || ^10.6.0 || >=11.0.0}
    os: [darwin]

  typescript@5.9.3:
    resolution: {integrity: sha512-jl1vZzPDinLr9eUt3J/t7V6FgNEw9QjvBPdysz9KfQDD41fQrC2Y4vKQdiaUpFT4bXlb1RHhLpp8wtm6M5TgSw==}
    engines: {node: '>=14.17'}
    hasBin: true

  undici-types@6.21.0:
    resolution: {integrity: sha512-iwDZqg0QAGrg9Rav5H4n0M64c3mkR59cJ6wQp+7C4nI0gsmExaedaYLNO44eT4AtBBwjbTiGPMlt2Md0T9H9JQ==}

snapshots:

  '@aws-cdk/asset-awscli-v1@2.2.242': {}

  '@aws-cdk/asset-node-proxy-agent-v6@2.1.0': {}

  '@aws-cdk/cloud-assembly-schema@48.20.0': {}

  '@types/node@20.19.26':
    dependencies:
      undici-types: 6.21.0

  aws-cdk-lib@2.232.1(constructs@10.4.3):
    dependencies:
      '@aws-cdk/asset-awscli-v1': 2.2.242
      '@aws-cdk/asset-node-proxy-agent-v6': 2.1.0
      '@aws-cdk/cloud-assembly-schema': 48.20.0
      constructs: 10.4.3

  aws-cdk@2.1033.0:
    optionalDependencies:
      fsevents: 2.3.2

  constructs@10.4.3: {}

  fsevents@2.3.2:
    optional: true

  typescript@5.9.3: {}

  undici-types@6.21.0: {}
